
Microsoft Visual Studio Solution File, Format Version 12.00
# Visual Studio Version 16
VisualStudioVersion = 16.0.31911.196
MinimumVisualStudioVersion = 10.0.40219.1
Project("{FAE04EC0-301F-11D3-BF4B-00C04F79EFBC}") = "API Farmacia", "API Farmacia.csproj", "{14B62A61-DD2C-4108-AF3F-A7E16CC5C326}"
EndProject
Global
	GlobalSection(SolutionConfigurationPlatforms) = preSolution
		Debug|Any CPU = Debug|Any CPU
		Release|Any CPU = Release|Any CPU
	EndGlobalSection
	GlobalSection(ProjectConfigurationPlatforms) = postSolution
		{14B62A61-DD2C-4108-AF3F-A7E16CC5C326}.Debug|Any CPU.ActiveCfg = Debug|Any CPU
		{14B62A61-DD2C-4108-AF3F-A7E16CC5C326}.Debug|Any CPU.Build.0 = Debug|Any CPU
		{14B62A61-DD2C-4108-AF3F-A7E16CC5C326}.Release|Any CPU.ActiveCfg = Release|Any CPU
		{14B62A61-DD2C-4108-AF3F-A7E16CC5C326}.Release|Any CPU.Build.0 = Release|Any CPU
	EndGlobalSection
	GlobalSection(SolutionProperties) = preSolution
		HideSolutionNode = FALSE
	EndGlobalSection
	GlobalSection(ExtensibilityGlobals) = postSolution
		SolutionGuid = {B3628AE6-68B1-4B54-8E93-892F9BF8AFF3}
	EndGlobalSection
EndGlobal
